{
    "name": "qunar",
    "version": "1.0.0",
    "lockfileVersion": 1,
    "requires": true,
    "dependencies": {
        "dayjs": {
            "version": "1.8.4",
            "resolved": "http://registry.npm.taobao.org/dayjs/download/dayjs-1.8.4.tgz",
            "integrity": "sha1-5aj+CAp5VeIQBF5sJsXR1MiM9gI="
        },
        "regenerator-runtime": {
            "version": "0.13.1",
            "resolved": "http://registry.npm.taobao.org/regenerator-runtime/download/regenerator-runtime-0.13.1.tgz",
            "integrity": "sha1-Ui6iqv2SAKAO7hQ9wUIZo1oPOZE="
        }
    }
}
